
Microsoft Visual Studio Solution File, Format Version 12.00
# Visual Studio Version 16
VisualStudioVersion = 16.0.30804.86
MinimumVisualStudioVersion = 10.0.40219.1
Project("{FAE04EC0-301F-11D3-BF4B-00C04F79EFBC}") = "Gateway.Api", "Gateway.Api\Gateway.Api.csproj", "{47906182-8AEF-435D-975E-1876C706D4AB}"
EndProject
Global
	GlobalSection(SolutionConfigurationPlatforms) = preSolution
		Debug|Any CPU = Debug|Any CPU
		Release|Any CPU = Release|Any CPU
	EndGlobalSection
	GlobalSection(ProjectConfigurationPlatforms) = postSolution
		{47906182-8AEF-435D-975E-1876C706D4AB}.Debug|Any CPU.ActiveCfg = Debug|Any CPU
		{47906182-8AEF-435D-975E-1876C706D4AB}.Debug|Any CPU.Build.0 = Debug|Any CPU
		{47906182-8AEF-435D-975E-1876C706D4AB}.Release|Any CPU.ActiveCfg = Release|Any CPU
		{47906182-8AEF-435D-975E-1876C706D4AB}.Release|Any CPU.Build.0 = Release|Any CPU
	EndGlobalSection
	GlobalSection(SolutionProperties) = preSolution
		HideSolutionNode = FALSE
	EndGlobalSection
	GlobalSection(ExtensibilityGlobals) = postSolution
		SolutionGuid = {69C16FFE-477A-4C70-A004-9A3FDFA4CD06}
	EndGlobalSection
EndGlobal
